
Microsoft Visual Studio Solution File, Format Version 12.00
# Visual Studio 15
VisualStudioVersion = 15.0.28307.136
MinimumVisualStudioVersion = 10.0.40219.1
Project("{FAE04EC0-301F-11D3-BF4B-00C04F79EFBC}") = "App7.Android", "App7\App7.Android\App7.Android.csproj", "{B6DC2718-B8C1-4C0A-B5FD-4BC6A5AB4628}"
EndProject
Project("{FAE04EC0-301F-11D3-BF4B-00C04F79EFBC}") = "App7.iOS", "App7\App7.iOS\App7.iOS.csproj", "{E0B00D73-E0F6-44C8-BEC8-154D6AC0C61D}"
EndProject
Project("{FAE04EC0-301F-11D3-BF4B-00C04F79EFBC}") = "App7", "App7\App7\App7.csproj", "{7D8B3BD5-B4AE-4BA1-B3A7-EAD519BC049C}"
EndProject
Global
	GlobalSection(SolutionConfigurationPlatforms) = preSolution
		Ad-Hoc|Any CPU = Ad-Hoc|Any CPU
		Ad-Hoc|iPhone = Ad-Hoc|iPhone
		Ad-Hoc|iPhoneSimulator = Ad-Hoc|iPhoneSimulator
		AppStore|Any CPU = AppStore|Any CPU
		AppStore|iPhone = AppStore|iPhone
		AppStore|iPhoneSimulator = AppStore|iPhoneSimulator
		Debug|Any CPU = Debug|Any CPU
		Debug|iPhone = Debug|iPhone
		Debug|iPhoneSimulator = Debug|iPhoneSimulator
		Release|Any CPU = Release|Any CPU
		Release|iPhone = Release|iPhone
		Release|iPhoneSimulator = Release|iPhoneSimulator
	EndGlobalSection
	GlobalSection(ProjectConfigurationPlatforms) = postSolution
		{B6DC2718-B8C1-4C0A-B5FD-4BC6A5AB4628}.Ad-Hoc|Any CPU.ActiveCfg = Release|Any CPU
		{B6DC2718-B8C1-4C0A-B5FD-4BC6A5AB4628}.Ad-Hoc|Any CPU.Build.0 = Release|Any CPU
		{B6DC2718-B8C1-4C0A-B5FD-4BC6A5AB4628}.Ad-Hoc|Any CPU.Deploy.0 = Release|Any CPU
		{B6DC2718-B8C1-4C0A-B5FD-4BC6A5AB4628}.Ad-Hoc|iPhone.ActiveCfg = Release|Any CPU
		{B6DC2718-B8C1-4C0A-B5FD-4BC6A5AB4628}.Ad-Hoc|iPhone.Build.0 = Release|Any CPU
		{B6DC2718-B8C1-4C0A-B5FD-4BC6A5AB4628}.Ad-Hoc|iPhone.Deploy.0 = Release|Any CPU
		{B6DC2718-B8C1-4C0A-B5FD-4BC6A5AB4628}.Ad-Hoc|iPhoneSimulator.ActiveCfg = Release|Any CPU
		{B6DC2718-B8C1-4C0A-B5FD-4BC6A5AB4628}.Ad-Hoc|iPhoneSimulator.Build.0 = Release|Any CPU
		{B6DC2718-B8C1-4C0A-B5FD-4BC6A5AB4628}.Ad-Hoc|iPhoneSimulator.Deploy.0 = Release|Any CPU
		{B6DC2718-B8C1-4C0A-B5FD-4BC6A5AB4628}.AppStore|Any CPU.ActiveCfg = Release|Any CPU
		{B6DC2718-B8C1-4C0A-B5FD-4BC6A5AB4628}.AppStore|Any CPU.Build.0 = Release|Any CPU
		{B6DC2718-B8C1-4C0A-B5FD-4BC6A5AB4628}.AppStore|Any CPU.Deploy.0 = Release|Any CPU
		{B6DC2718-B8C1-4C0A-B5FD-4BC6A5AB4628}.AppStore|iPhone.ActiveCfg = Release|Any CPU
		{B6DC2718-B8C1-4C0A-B5FD-4BC6A5AB4628}.AppStore|iPhone.Build.0 = Release|Any CPU
		{B6DC2718-B8C1-4C0A-B5FD-4BC6A5AB4628}.AppStore|iPhone.Deploy.0 = Release|Any CPU
		{B6DC2718-B8C1-4C0A-B5FD-4BC6A5AB4628}.AppStore|iPhoneSimulator.ActiveCfg = Release|Any CPU
		{B6DC2718-B8C1-4C0A-B5FD-4BC6A5AB4628}.AppStore|iPhoneSimulator.Build.0 = Release|Any CPU
		{B6DC2718-B8C1-4C0A-B5FD-4BC6A5AB4628}.AppStore|iPhoneSimulator.Deploy.0 = Release|Any CPU
		{B6DC2718-B8C1-4C0A-B5FD-4BC6A5AB4628}.Debug|Any CPU.ActiveCfg = Debug|Any CPU
		{B6DC2718-B8C1-4C0A-B5FD-4BC6A5AB4628}.Debug|Any CPU.Build.0 = Debug|Any CPU
		{B6DC2718-B8C1-4C0A-B5FD-4BC6A5AB4628}.Debug|Any CPU.Deploy.0 = Debug|Any CPU
		{B6DC2718-B8C1-4C0A-B5FD-4BC6A5AB4628}.Debug|iPhone.ActiveCfg = Debug|Any CPU
		{B6DC2718-B8C1-4C0A-B5FD-4BC6A5AB4628}.Debug|iPhone.Build.0 = Debug|Any CPU
		{B6DC2718-B8C1-4C0A-B5FD-4BC6A5AB4628}.Debug|iPhone.Deploy.0 = Debug|Any CPU
		{B6DC2718-B8C1-4C0A-B5FD-4BC6A5AB4628}.Debug|iPhoneSimulator.ActiveCfg = Debug|Any CPU
		{B6DC2718-B8C1-4C0A-B5FD-4BC6A5AB4628}.Debug|iPhoneSimulator.Build.0 = Debug|Any CPU
		{B6DC2718-B8C1-4C0A-B5FD-4BC6A5AB4628}.Debug|iPhoneSimulator.Deploy.0 = Debug|Any CPU
		{B6DC2718-B8C1-4C0A-B5FD-4BC6A5AB4628}.Release|Any CPU.ActiveCfg = Release|Any CPU
		{B6DC2718-B8C1-4C0A-B5FD-4BC6A5AB4628}.Release|Any CPU.Build.0 = Release|Any CPU
		{B6DC2718-B8C1-4C0A-B5FD-4BC6A5AB4628}.Release|Any CPU.Deploy.0 = Release|Any CPU
		{B6DC2718-B8C1-4C0A-B5FD-4BC6A5AB4628}.Release|iPhone.ActiveCfg = Release|Any CPU
		{B6DC2718-B8C1-4C0A-B5FD-4BC6A5AB4628}.Release|iPhone.Build.0 = Release|Any CPU
		{B6DC2718-B8C1-4C0A-B5FD-4BC6A5AB4628}.Release|iPhone.Deploy.0 = Release|Any CPU
		{B6DC2718-B8C1-4C0A-B5FD-4BC6A5AB4628}.Release|iPhoneSimulator.ActiveCfg = Release|Any CPU
		{B6DC2718-B8C1-4C0A-B5FD-4BC6A5AB4628}.Release|iPhoneSimulator.Build.0 = Release|Any CPU
		{B6DC2718-B8C1-4C0A-B5FD-4BC6A5AB4628}.Release|iPhoneSimulator.Deploy.0 = Release|Any CPU
		{E0B00D73-E0F6-44C8-BEC8-154D6AC0C61D}.Ad-Hoc|Any CPU.ActiveCfg = Ad-Hoc|iPhone
		{E0B00D73-E0F6-44C8-BEC8-154D6AC0C61D}.Ad-Hoc|Any CPU.Build.0 = Ad-Hoc|iPhone
		{E0B00D73-E0F6-44C8-BEC8-154D6AC0C61D}.Ad-Hoc|Any CPU.Deploy.0 = Ad-Hoc|iPhone
		{E0B00D73-E0F6-44C8-BEC8-154D6AC0C61D}.Ad-Hoc|iPhone.ActiveCfg = Ad-Hoc|iPhone
		{E0B00D73-E0F6-44C8-BEC8-154D6AC0C61D}.Ad-Hoc|iPhone.Build.0 = Ad-Hoc|iPhone
		{E0B00D73-E0F6-44C8-BEC8-154D6AC0C61D}.Ad-Hoc|iPhone.Deploy.0 = Ad-Hoc|iPhone
		{E0B00D73-E0F6-44C8-BEC8-154D6AC0C61D}.Ad-Hoc|iPhoneSimulator.ActiveCfg = Ad-Hoc|iPhoneSimulator
		{E0B00D73-E0F6-44C8-BEC8-154D6AC0C61D}.Ad-Hoc|iPhoneSimulator.Build.0 = Ad-Hoc|iPhoneSimulator
		{E0B00D73-E0F6-44C8-BEC8-154D6AC0C61D}.Ad-Hoc|iPhoneSimulator.Deploy.0 = Ad-Hoc|iPhoneSimulator
		{E0B00D73-E0F6-44C8-BEC8-154D6AC0C61D}.AppStore|Any CPU.ActiveCfg = AppStore|iPhone
		{E0B00D73-E0F6-44C8-BEC8-154D6AC0C61D}.AppStore|Any CPU.Build.0 = AppStore|iPhone
		{E0B00D73-E0F6-44C8-BEC8-154D6AC0C61D}.AppStore|Any CPU.Deploy.0 = AppStore|iPhone
		{E0B00D73-E0F6-44C8-BEC8-154D6AC0C61D}.AppStore|iPhone.ActiveCfg = AppStore|iPhone
		{E0B00D73-E0F6-44C8-BEC8-154D6AC0C61D}.AppStore|iPhone.Build.0 = AppStore|iPhone
		{E0B00D73-E0F6-44C8-BEC8-154D6AC0C61D}.AppStore|iPhone.Deploy.0 = AppStore|iPhone
		{E0B00D73-E0F6-44C8-BEC8-154D6AC0C61D}.AppStore|iPhoneSimulator.ActiveCfg = AppStore|iPhoneSimulator
		{E0B00D73-E0F6-44C8-BEC8-154D6AC0C61D}.AppStore|iPhoneSimulator.Build.0 = AppStore|iPhoneSimulator
		{E0B00D73-E0F6-44C8-BEC8-154D6AC0C61D}.AppStore|iPhoneSimulator.Deploy.0 = AppStore|iPhoneSimulator
		{E0B00D73-E0F6-44C8-BEC8-154D6AC0C61D}.Debug|Any CPU.ActiveCfg = Debug|iPhoneSimulator
		{E0B00D73-E0F6-44C8-BEC8-154D6AC0C61D}.Debug|Any CPU.Build.0 = Debug|iPhoneSimulator
		{E0B00D73-E0F6-44C8-BEC8-154D6AC0C61D}.Debug|Any CPU.Deploy.0 = Debug|iPhoneSimulator
		{E0B00D73-E0F6-44C8-BEC8-154D6AC0C61D}.Debug|iPhone.ActiveCfg = Debug|iPhone
		{E0B00D73-E0F6-44C8-BEC8-154D6AC0C61D}.Debug|iPhone.Build.0 = Debug|iPhone
		{E0B00D73-E0F6-44C8-BEC8-154D6AC0C61D}.Debug|iPhone.Deploy.0 = Debug|iPhone
		{E0B00D73-E0F6-44C8-BEC8-154D6AC0C61D}.Debug|iPhoneSimulator.ActiveCfg = Debug|iPhoneSimulator
		{E0B00D73-E0F6-44C8-BEC8-154D6AC0C61D}.Debug|iPhoneSimulator.Build.0 = Debug|iPhoneSimulator
		{E0B00D73-E0F6-44C8-BEC8-154D6AC0C61D}.Debug|iPhoneSimulator.Deploy.0 = Debug|iPhoneSimulator
		{E0B00D73-E0F6-44C8-BEC8-154D6AC0C61D}.Release|Any CPU.ActiveCfg = Release|iPhone
		{E0B00D73-E0F6-44C8-BEC8-154D6AC0C61D}.Release|Any CPU.Build.0 = Release|iPhone
		{E0B00D73-E0F6-44C8-BEC8-154D6AC0C61D}.Release|Any CPU.Deploy.0 = Release|iPhone
		{E0B00D73-E0F6-44C8-BEC8-154D6AC0C61D}.Release|iPhone.ActiveCfg = Release|iPhone
		{E0B00D73-E0F6-44C8-BEC8-154D6AC0C61D}.Release|iPhone.Build.0 = Release|iPhone
		{E0B00D73-E0F6-44C8-BEC8-154D6AC0C61D}.Release|iPhone.Deploy.0 = Release|iPhone
		{E0B00D73-E0F6-44C8-BEC8-154D6AC0C61D}.Release|iPhoneSimulator.ActiveCfg = Release|iPhoneSimulator
		{E0B00D73-E0F6-44C8-BEC8-154D6AC0C61D}.Release|iPhoneSimulator.Build.0 = Release|iPhoneSimulator
		{E0B00D73-E0F6-44C8-BEC8-154D6AC0C61D}.Release|iPhoneSimulator.Deploy.0 = Release|iPhoneSimulator
		{7D8B3BD5-B4AE-4BA1-B3A7-EAD519BC049C}.Ad-Hoc|Any CPU.ActiveCfg = Debug|Any CPU
		{7D8B3BD5-B4AE-4BA1-B3A7-EAD519BC049C}.Ad-Hoc|Any CPU.Build.0 = Debug|Any CPU
		{7D8B3BD5-B4AE-4BA1-B3A7-EAD519BC049C}.Ad-Hoc|Any CPU.Deploy.0 = Debug|Any CPU
		{7D8B3BD5-B4AE-4BA1-B3A7-EAD519BC049C}.Ad-Hoc|iPhone.ActiveCfg = Debug|Any CPU
		{7D8B3BD5-B4AE-4BA1-B3A7-EAD519BC049C}.Ad-Hoc|iPhone.Build.0 = Debug|Any CPU
		{7D8B3BD5-B4AE-4BA1-B3A7-EAD519BC049C}.Ad-Hoc|iPhone.Deploy.0 = Debug|Any CPU
		{7D8B3BD5-B4AE-4BA1-B3A7-EAD519BC049C}.Ad-Hoc|iPhoneSimulator.ActiveCfg = Debug|Any CPU
		{7D8B3BD5-B4AE-4BA1-B3A7-EAD519BC049C}.Ad-Hoc|iPhoneSimulator.Build.0 = Debug|Any CPU
		{7D8B3BD5-B4AE-4BA1-B3A7-EAD519BC049C}.Ad-Hoc|iPhoneSimulator.Deploy.0 = Debug|Any CPU
		{7D8B3BD5-B4AE-4BA1-B3A7-EAD519BC049C}.AppStore|Any CPU.ActiveCfg = Debug|Any CPU
		{7D8B3BD5-B4AE-4BA1-B3A7-EAD519BC049C}.AppStore|Any CPU.Build.0 = Debug|Any CPU
		{7D8B3BD5-B4AE-4BA1-B3A7-EAD519BC049C}.AppStore|Any CPU.Deploy.0 = Debug|Any CPU
		{7D8B3BD5-B4AE-4BA1-B3A7-EAD519BC049C}.AppStore|iPhone.ActiveCfg = Debug|Any CPU
		{7D8B3BD5-B4AE-4BA1-B3A7-EAD519BC049C}.AppStore|iPhone.Build.0 = Debug|Any CPU
		{7D8B3BD5-B4AE-4BA1-B3A7-EAD519BC049C}.AppStore|iPhone.Deploy.0 = Debug|Any CPU
		{7D8B3BD5-B4AE-4BA1-B3A7-EAD519BC049C}.AppStore|iPhoneSimulator.ActiveCfg = Debug|Any CPU
		{7D8B3BD5-B4AE-4BA1-B3A7-EAD519BC049C}.AppStore|iPhoneSimulator.Build.0 = Debug|Any CPU
		{7D8B3BD5-B4AE-4BA1-B3A7-EAD519BC049C}.AppStore|iPhoneSimulator.Deploy.0 = Debug|Any CPU
		{7D8B3BD5-B4AE-4BA1-B3A7-EAD519BC049C}.Debug|Any CPU.ActiveCfg = Debug|Any CPU
		{7D8B3BD5-B4AE-4BA1-B3A7-EAD519BC049C}.Debug|Any CPU.Build.0 = Debug|Any CPU
		{7D8B3BD5-B4AE-4BA1-B3A7-EAD519BC049C}.Debug|Any CPU.Deploy.0 = Debug|Any CPU
		{7D8B3BD5-B4AE-4BA1-B3A7-EAD519BC049C}.Debug|iPhone.ActiveCfg = Debug|Any CPU
		{7D8B3BD5-B4AE-4BA1-B3A7-EAD519BC049C}.Debug|iPhone.Build.0 = Debug|Any CPU
		{7D8B3BD5-B4AE-4BA1-B3A7-EAD519BC049C}.Debug|iPhone.Deploy.0 = Debug|Any CPU
		{7D8B3BD5-B4AE-4BA1-B3A7-EAD519BC049C}.Debug|iPhoneSimulator.ActiveCfg = Debug|Any CPU
		{7D8B3BD5-B4AE-4BA1-B3A7-EAD519BC049C}.Debug|iPhoneSimulator.Build.0 = Debug|Any CPU
		{7D8B3BD5-B4AE-4BA1-B3A7-EAD519BC049C}.Debug|iPhoneSimulator.Deploy.0 = Debug|Any CPU
		{7D8B3BD5-B4AE-4BA1-B3A7-EAD519BC049C}.Release|Any CPU.ActiveCfg = Release|Any CPU
		{7D8B3BD5-B4AE-4BA1-B3A7-EAD519BC049C}.Release|Any CPU.Build.0 = Release|Any CPU
		{7D8B3BD5-B4AE-4BA1-B3A7-EAD519BC049C}.Release|Any CPU.Deploy.0 = Release|Any CPU
		{7D8B3BD5-B4AE-4BA1-B3A7-EAD519BC049C}.Release|iPhone.ActiveCfg = Release|Any CPU
		{7D8B3BD5-B4AE-4BA1-B3A7-EAD519BC049C}.Release|iPhone.Build.0 = Release|Any CPU
		{7D8B3BD5-B4AE-4BA1-B3A7-EAD519BC049C}.Release|iPhone.Deploy.0 = Release|Any CPU
		{7D8B3BD5-B4AE-4BA1-B3A7-EAD519BC049C}.Release|iPhoneSimulator.ActiveCfg = Release|Any CPU
		{7D8B3BD5-B4AE-4BA1-B3A7-EAD519BC049C}.Release|iPhoneSimulator.Build.0 = Release|Any CPU
		{7D8B3BD5-B4AE-4BA1-B3A7-EAD519BC049C}.Release|iPhoneSimulator.Deploy.0 = Release|Any CPU
	EndGlobalSection
	GlobalSection(SolutionProperties) = preSolution
		HideSolutionNode = FALSE
	EndGlobalSection
	GlobalSection(ExtensibilityGlobals) = postSolution
		SolutionGuid = {9A119082-226D-4D4B-BA96-1E33FD8102B2}
	EndGlobalSection
EndGlobal
